{
  "version": "4",
  "remote": {
    "https://esm.sh/fp-ts@2.16.9/Either": "cb628f951575119e43eea505419e3effbd97ff7e38de5d53c4bdde50869b949d",
    "https://esm.sh/fp-ts@2.16.9/function": "2a251e7b381373cfafaee09cd6b32bfb24e500e506b6d923540d60a8ae562ada",
    "https://esm.sh/v135/fp-ts@2.16.9/denonext/Either.js": "2a7a20d75777563989c16acb4dbe46d994fff852bbc9e04fbf589c3bead10ea1",
    "https://esm.sh/v135/fp-ts@2.16.9/denonext/function.js": "a1c897e5441612b4ad6911e4507e07edbae62eb5c458aa5e3306495add8ebb92"
  },
  "workspace": {
    "packageJson": {
      "dependencies": [
        "npm:@ailabs/ts-utils@1.4.0",
        "npm:@babel/cli@7.24.8",
        "npm:@babel/core@7.25.2",
        "npm:@babel/preset-env@7.25.3",
        "npm:@babel/preset-typescript@7.24.7",
        "npm:@badrap/valita@0.3.9",
        "npm:@deepkit/core@1.0.1-alpha.147",
        "npm:@deepkit/type-compiler@1.0.1-alpha.150",
        "npm:@deepkit/type@1.0.1-alpha.153",
        "npm:@effect/schema@0.70.4",
        "npm:@mojotech/json-type-validation@3.1.0",
        "npm:@mondrian-framework/model@2.0.57",
        "npm:@sapphire/shapeshift@3.9.7",
        "npm:@sinclair/typebox@0.33.4",
        "npm:@skarab/tson@1.5.1",
        "npm:@toi/toi@1.3.0",
        "npm:@typeofweb/schema@0.7.3",
        "npm:@types/benchmark@2.1.5",
        "npm:@types/clone@2.1.4",
        "npm:@types/jest@29.5.12",
        "npm:@types/node@^18.11.18",
        "npm:@types/svgo@2.6.0",
        "npm:@types/yup@0.32.0",
        "npm:ajv@8.17.1",
        "npm:arktype@2.0.0-dev.12-cjs",
        "npm:babel-plugin-spectypes@2.1.11",
        "npm:benny@3.7.1",
        "npm:bueno@0.1.5",
        "npm:class-transformer-validator@0.9.1",
        "npm:class-transformer@0.5.1",
        "npm:class-validator@0.14.1",
        "npm:clone@2.1.2",
        "npm:computed-types@1.11.2",
        "npm:csv-stringify@5.6.5",
        "npm:decoders@1.25.5",
        "npm:expect-type@0.19.0",
        "npm:fp-ts@2.16.9",
        "npm:gts@5.3.0",
        "npm:io-ts@2.2.21",
        "npm:jest@29.7.0",
        "npm:jointz@7.0.4",
        "npm:json-decoder@1.4.1",
        "npm:mol_data_all@1.1.1198",
        "npm:myzod@1.11.0",
        "npm:ok-computer@1.0.4",
        "npm:parse-dont-validate@4.0.0",
        "npm:preact@10.23.1",
        "npm:purify-ts@2.1.0",
        "npm:r-assign@1.9.0",
        "npm:reflect-metadata@0.2.2",
        "npm:rescript-schema@8.1.0",
        "npm:rescript@11.1.3",
        "npm:rimraf@5.0.10",
        "npm:rulr@8.7.6",
        "npm:runtypes@6.7.0",
        "npm:serve@14.2.3",
        "npm:simple-runtypes@7.1.3",
        "npm:spectypes@2.1.11",
        "npm:succulent@0.18.1",
        "npm:superstruct@1.0.4",
        "npm:suretype@1.2.0",
        "npm:svgo@2.8.0",
        "npm:to-typed@0.5.2",
        "npm:ts-expose-internals@5.5.4",
        "npm:ts-interface-checker@1.0.2",
        "npm:ts-jest@29.2.4",
        "npm:ts-json-validator@0.7.1",
        "npm:ts-node@10.9.2",
        "npm:ts-patch@^3.2.1",
        "npm:ts-runtime-checks@0.6.1",
        "npm:tsconfigs@4.0.2",
        "npm:tsx@^4.19.1",
        "npm:typescript@5.5.4",
        "npm:typia@6.7.2",
        "npm:unknownutil@3.18.1",
        "npm:valibot@0.21.0",
        "npm:vality@6.3.4",
        "npm:vega-lite@5.11.0",
        "npm:vega@5.26.1",
        "npm:yup@0.32.11",
        "npm:zod@3.22.4"
      ]
    }
  }
}
